// !$*UTF8*$!
{
	archiveVersion = 1;
	classes = {
	};
	objectVersion = 50;
	objects = {

/* Begin PBXBuildFile section */
		6AD3B862242DADAD00E1E410 /* AppDelegate.swift in Sources */ = {isa = PBXBuildFile; fileRef = 6AD3B861242DADAD00E1E410 /* AppDelegate.swift */; };
		6AD3B867242DADAD00E1E410 /* Main.storyboard in Resources */ = {isa = PBXBuildFile; fileRef = 6AD3B865242DADAD00E1E410 /* Main.storyboard */; };
		6AD3B869242DADAD00E1E410 /* Assets.xcassets in Resources */ = {isa = PBXBuildFile; fileRef = 6AD3B868242DADAD00E1E410 /* Assets.xcassets */; };
		6AD3B86C242DADAD00E1E410 /* LaunchScreen.storyboard in Resources */ = {isa = PBXBuildFile; fileRef = 6AD3B86A242DADAD00E1E410 /* LaunchScreen.storyboard */; };
		6AD3B878242DAE0900E1E410 /* ContainerController.swift in Sources */ = {isa = PBXBuildFile; fileRef = 6AD3B877242DAE0900E1E410 /* ContainerController.swift */; };
		6AD3B87A242DAE1600E1E410 /* HomeController.swift in Sources */ = {isa = PBXBuildFile; fileRef = 6AD3B879242DAE1600E1E410 /* HomeController.swift */; };
		6AD3B87C242DAE2000E1E410 /* MenuController.swift in Sources */ = {isa = PBXBuildFile; fileRef = 6AD3B87B242DAE2000E1E410 /* MenuController.swift */; };
/* End PBXBuildFile section */

/* Begin PBXFileReference section */
		6AD3B85E242DADAD00E1E410 /* TestSideMenu.app */ = {isa = PBXFileReference; explicitFileType = wrapper.application; includeInIndex = 0; path = TestSideMenu.app; sourceTree = BUILT_PRODUCTS_DIR; };
		6AD3B861242DADAD00E1E410 /* AppDelegate.swift */ = {isa = PBXFileReference; lastKnownFileType = sourcecode.swift; path = AppDelegate.swift; sourceTree = "<group>"; };
		6AD3B866242DADAD00E1E410 /* Base */ = {isa = PBXFileReference; lastKnownFileType = file.storyboard; name = Base; path = Base.lproj/Main.storyboard; sourceTree = "<group>"; };
		6AD3B868242DADAD00E1E410 /* Assets.xcassets */ = {isa = PBXFileReference; lastKnownFileType = folder.assetcatalog; path = Assets.xcassets; sourceTree = "<group>"; };
		6AD3B86B242DADAD00E1E410 /* Base */ = {isa = PBXFileReference; lastKnownFileType = file.storyboard; name = Base; path = Base.lproj/LaunchScreen.storyboard; sourceTree = "<group>"; };
		6AD3B86D242DADAD00E1E410 /* Info.plist */ = {isa = PBXFileReference; lastKnownFileType = text.plist.xml; path = Info.plist; sourceTree = "<group>"; };
		6AD3B877242DAE0900E1E410 /* ContainerController.swift */ = {isa = PBXFileReference; lastKnownFileType = sourcecode.swift; path = ContainerController.swift; sourceTree = "<group>"; };
		6AD3B879242DAE1600E1E410 /* HomeController.swift */ = {isa = PBXFileReference; lastKnownFileType = sourcecode.swift; path = HomeController.swift; sourceTree = "<group>"; };
		6AD3B87B242DAE2000E1E410 /* MenuController.swift */ = {isa = PBXFileReference; lastKnownFileType = sourcecode.swift; path = MenuController.swift; sourceTree = "<group>"; };
/* End PBXFileReference section */

/* Begin PBXFrameworksBuildPhase section */
		6AD3B85B242DADAD00E1E410 /* Frameworks */ = {
			isa = PBXFrameworksBuildPhase;
			buildActionMask = 2147483647;
			files = (
			);
			runOnlyForDeploymentPostprocessing = 0;
		};
/* End PBXFrameworksBuildPhase section */

/* Begin PBXGroup section */
		6AD3B855242DADAD00E1E410 = {
			isa = PBXGroup;
			children = (
				6AD3B860242DADAD00E1E410 /* TestSideMenu */,
				6AD3B85F242DADAD00E1E410 /* Products */,
			);
			sourceTree = "<group>";
		};
		6AD3B85F242DADAD00E1E410 /* Products */ = {
			isa = PBXGroup;
			children = (
				6AD3B85E242DADAD00E1E410 /* TestSideMenu.app */,
			);
			name = Products;
			sourceTree = "<group>";
		};
		6AD3B860242DADAD00E1E410 /* TestSideMenu */ = {
			isa = PBXGroup;
			children = (
				6AD3B876242DADCA00E1E410 /* Utils */,
				6AD3B875242DADC400E1E410 /* Model */,
				6AD3B874242DADBE00E1E410 /* View */,
				6AD3B873242DADB600E1E410 /* Controller */,
				6AD3B861242DADAD00E1E410 /* AppDelegate.swift */,
				6AD3B865242DADAD00E1E410 /* Main.storyboard */,
				6AD3B868242DADAD00E1E410 /* Assets.xcassets */,
				6AD3B86A242DADAD00E1E410 /* LaunchScreen.storyboard */,
				6AD3B86D242DADAD00E1E410 /* Info.plist */,
			);
			path = TestSideMenu;
			sourceTree = "<group>";
		};
		6AD3B873242DADB600E1E410 /* Controller */ = {
			isa = PBXGroup;
			children = (
				6AD3B877242DAE0900E1E410 /* ContainerController.swift */,
				6AD3B879242DAE1600E1E410 /* HomeController.swift */,
				6AD3B87B242DAE2000E1E410 /* MenuController.swift */,
			);
			path = Controller;
			sourceTree = "<group>";
		};
		6AD3B874242DADBE00E1E410 /* View */ = {
			isa = PBXGroup;
			children = (
			);
			path = View;
			sourceTree = "<group>";
		};
		6AD3B875242DADC400E1E410 /* Model */ = {
			isa = PBXGroup;
			children = (
			);
			path = Model;
			sourceTree = "<group>";
		};
		6AD3B876242DADCA00E1E410 /* Utils */ = {
			isa = PBXGroup;
			children = (
			);
			path = Utils;
			sourceTree = "<group>";
		};
/* End PBXGroup section */

/* Begin PBXNativeTarget section */
		6AD3B85D242DADAD00E1E410 /* TestSideMenu */ = {
			isa = PBXNativeTarget;
			buildConfigurationList = 6AD3B870242DADAD00E1E410 /* Build configuration list for PBXNativeTarget "TestSideMenu" */;
			buildPhases = (
				6AD3B85A242DADAD00E1E410 /* Sources */,
				6AD3B85B242DADAD00E1E410 /* Frameworks */,
				6AD3B85C242DADAD00E1E410 /* Resources */,
			);
			buildRules = (
			);
			dependencies = (
			);
			name = TestSideMenu;
			productName = TestSideMenu;
			productReference = 6AD3B85E242DADAD00E1E410 /* TestSideMenu.app */;
			productType = "com.apple.product-type.application";
		};
/* End PBXNativeTarget section */

/* Begin PBXProject section */
		6AD3B856242DADAD00E1E410 /* Project object */ = {
			isa = PBXProject;
			attributes = {
				LastSwiftUpdateCheck = 1030;
				LastUpgradeCheck = 1030;
				ORGANIZATIONNAME = "Elle Ti";
				TargetAttributes = {
					6AD3B85D242DADAD00E1E410 = {
						CreatedOnToolsVersion = 10.3;
					};
				};
			};
			buildConfigurationList = 6AD3B859242DADAD00E1E410 /* Build configuration list for PBXProject "TestSideMenu" */;
			compatibilityVersion = "Xcode 9.3";
			developmentRegion = en;
			hasScannedForEncodings = 0;
			knownRegions = (
				en,
				Base,
			);
			mainGroup = 6AD3B855242DADAD00E1E410;
			productRefGroup = 6AD3B85F242DADAD00E1E410 /* Products */;
			projectDirPath = "";
			projectRoot = "";
			targets = (
				6AD3B85D242DADAD00E1E410 /* TestSideMenu */,
			);
		};
/* End PBXProject section */

/* Begin PBXResourcesBuildPhase section */
		6AD3B85C242DADAD00E1E410 /* Resources */ = {
			isa = PBXResourcesBuildPhase;
			buildActionMask = 2147483647;
			files = (
				6AD3B86C242DADAD00E1E410 /* LaunchScreen.storyboard in Resources */,
				6AD3B869242DADAD00E1E410 /* Assets.xcassets in Resources */,
				6AD3B867242DADAD00E1E410 /* Main.storyboard in Resources */,
			);
			runOnlyForDeploymentPostprocessing = 0;
		};
/* End PBXResourcesBuildPhase section */

/* Begin PBXSourcesBuildPhase section */
		6AD3B85A242DADAD00E1E410 /* Sources */ = {
			isa = PBXSourcesBuildPhase;
			buildActionMask = 2147483647;
			files = (
				6AD3B87C242DAE2000E1E410 /* MenuController.swift in Sources */,
				6AD3B87A242DAE1600E1E410 /* HomeController.swift in Sources */,
				6AD3B862242DADAD00E1E410 /* AppDelegate.swift in Sources */,
				6AD3B878242DAE0900E1E410 /* ContainerController.swift in Sources */,
			);
			runOnlyForDeploymentPostprocessing = 0;
		};
/* End PBXSourcesBuildPhase section */

/* Begin PBXVariantGroup section */
		6AD3B865242DADAD00E1E410 /* Main.storyboard */ = {
			isa = PBXVariantGroup;
			children = (
				6AD3B866242DADAD00E1E410 /* Base */,
			);
			name = Main.storyboard;
			sourceTree = "<group>";
		};
		6AD3B86A242DADAD00E1E410 /* LaunchScreen.storyboard */ = {
			isa = PBXVariantGroup;
			children = (
				6AD3B86B242DADAD00E1E410 /* Base */,
			);
			name = LaunchScreen.storyboard;
			sourceTree = "<group>";
		};
/* End PBXVariantGroup section */

/* Begin XCBuildConfiguration section */
		6AD3B86E242DADAD00E1E410 /* Debug */ = {
			isa = XCBuildConfiguration;
			buildSettings = {
				ALWAYS_SEARCH_USER_PATHS = NO;
				CLANG_ANALYZER_NONNULL = YES;
				CLANG_ANALYZER_NUMBER_OBJECT_CONVERSION = YES_AGGRESSIVE;
				CLANG_CXX_LANGUAGE_STANDARD = "gnu++14";
				CLANG_CXX_LIBRARY = "libc++";
				CLANG_ENABLE_MODULES = YES;
				CLANG_ENABLE_OBJC_ARC = YES;
				CLANG_ENABLE_OBJC_WEAK = YES;
				CLANG_WARN_BLOCK_CAPTURE_AUTORELEASING = YES;
				CLANG_WARN_BOOL_CONVERSION = YES;
				CLANG_WARN_COMMA = YES;
				CLANG_WARN_CONSTANT_CONVERSION = YES;
				CLANG_WARN_DEPRECATED_OBJC_IMPLEMENTATIONS = YES;
				CLANG_WARN_DIRECT_OBJC_ISA_USAGE = YES_ERROR;
				CLANG_WARN_DOCUMENTATION_COMMENTS = YES;
				CLANG_WARN_EMPTY_BODY = YES;
				CLANG_WARN_ENUM_CONVERSION = YES;
				CLANG_WARN_INFINITE_RECURSION = YES;
				CLANG_WARN_INT_CONVERSION = YES;
				CLANG_WARN_NON_LITERAL_NULL_CONVERSION = YES;
				CLANG_WARN_OBJC_IMPLICIT_RETAIN_SELF = YES;
				CLANG_WARN_OBJC_LITERAL_CONVERSION = YES;
				CLANG_WARN_OBJC_ROOT_CLASS = YES_ERROR;
				CLANG_WARN_RANGE_LOOP_ANALYSIS = YES;
				CLANG_WARN_STRICT_PROTOTYPES = YES;
				CLANG_WARN_SUSPICIOUS_MOVE = YES;
				CLANG_WARN_UNGUARDED_AVAILABILITY = YES_AGGRESSIVE;
				CLANG_WARN_UNREACHABLE_CODE = YES;
				CLANG_WARN__DUPLICATE_METHOD_MATCH = YES;
				CODE_SIGN_IDENTITY = "iPhone Developer";
				COPY_PHASE_STRIP = NO;
				DEBUG_INFORMATION_FORMAT = dwarf;
				ENABLE_STRICT_OBJC_MSGSEND = YES;
				ENABLE_TESTABILITY = YES;
				GCC_C_LANGUAGE_STANDARD = gnu11;
				GCC_DYNAMIC_NO_PIC = NO;
				GCC_NO_COMMON_BLOCKS = YES;
				GCC_OPTIMIZATION_LEVEL = 0;
				GCC_PREPROCESSOR_DEFINITIONS = (
					"DEBUG=1",
					"$(inherited)",
				);
				GCC_WARN_64_TO_32_BIT_CONVERSION = YES;
				GCC_WARN_ABOUT_RETURN_TYPE = YES_ERROR;
				GCC_WARN_UNDECLARED_SELECTOR = YES;
				GCC_WARN_UNINITIALIZED_AUTOS = YES_AGGRESSIVE;
				GCC_WARN_UNUSED_FUNCTION = YES;
				GCC_WARN_UNUSED_VARIABLE = YES;
				IPHONEOS_DEPLOYMENT_TARGET = 12.4;
				MTL_ENABLE_DEBUG_INFO = INCLUDE_SOURCE;
				MTL_FAST_MATH = YES;
				ONLY_ACTIVE_ARCH = YES;
				SDKROOT = iphoneos;
				SWIFT_ACTIVE_COMPILATION_CONDITIONS = DEBUG;
				SWIFT_OPTIMIZATION_LEVEL = "-Onone";
			};
			name = Debug;
		};
		6AD3B86F242DADAD00E1E410 /* Release */ = {
			isa = XCBuildConfiguration;
			buildSettings = {
				ALWAYS_SEARCH_USER_PATHS = NO;
				CLANG_ANALYZER_NONNULL = YES;
				CLANG_ANALYZER_NUMBER_OBJECT_CONVERSION = YES_AGGRESSIVE;
				CLANG_CXX_LANGUAGE_STANDARD = "gnu++14";
				CLANG_CXX_LIBRARY = "libc++";
				CLANG_ENABLE_MODULES = YES;
				CLANG_ENABLE_OBJC_ARC = YES;
				CLANG_ENABLE_OBJC_WEAK = YES;
				CLANG_WARN_BLOCK_CAPTURE_AUTORELEASING = YES;
				CLANG_WARN_BOOL_CONVERSION = YES;
				CLANG_WARN_COMMA = YES;
				CLANG_WARN_CONSTANT_CONVERSION = YES;
				CLANG_WARN_DEPRECATED_OBJC_IMPLEMENTATIONS = YES;
				CLANG_WARN_DIRECT_OBJC_ISA_USAGE = YES_ERROR;
				CLANG_WARN_DOCUMENTATION_COMMENTS = YES;
				CLANG_WARN_EMPTY_BODY = YES;
				CLANG_WARN_ENUM_CONVERSION = YES;
				CLANG_WARN_INFINITE_RECURSION = YES;
				CLANG_WARN_INT_CONVERSION = YES;
				CLANG_WARN_NON_LITERAL_NULL_CONVERSION = YES;
				CLANG_WARN_OBJC_IMPLICIT_RETAIN_SELF = YES;
				CLANG_WARN_OBJC_LITERAL_CONVERSION = YES;
				CLANG_WARN_OBJC_ROOT_CLASS = YES_ERROR;
				CLANG_WARN_RANGE_LOOP_ANALYSIS = YES;
				CLANG_WARN_STRICT_PROTOTYPES = YES;
				CLANG_WARN_SUSPICIOUS_MOVE = YES;
				CLANG_WARN_UNGUARDED_AVAILABILITY = YES_AGGRESSIVE;
				CLANG_WARN_UNREACHABLE_CODE = YES;
				CLANG_WARN__DUPLICATE_METHOD_MATCH = YES;
				CODE_SIGN_IDENTITY = "iPhone Developer";
				COPY_PHASE_STRIP = NO;
				DEBUG_INFORMATION_FORMAT = "dwarf-with-dsym";
				ENABLE_NS_ASSERTIONS = NO;
				ENABLE_STRICT_OBJC_MSGSEND = YES;
				GCC_C_LANGUAGE_STANDARD = gnu11;
				GCC_NO_COMMON_BLOCKS = YES;
				GCC_WARN_64_TO_32_BIT_CONVERSION = YES;
				GCC_WARN_ABOUT_RETURN_TYPE = YES_ERROR;
				GCC_WARN_UNDECLARED_SELECTOR = YES;
				GCC_WARN_UNINITIALIZED_AUTOS = YES_AGGRESSIVE;
				GCC_WARN_UNUSED_FUNCTION = YES;
				GCC_WARN_UNUSED_VARIABLE = YES;
				IPHONEOS_DEPLOYMENT_TARGET = 12.4;
				MTL_ENABLE_DEBUG_INFO = NO;
				MTL_FAST_MATH = YES;
				SDKROOT = iphoneos;
				SWIFT_COMPILATION_MODE = wholemodule;
				SWIFT_OPTIMIZATION_LEVEL = "-O";
				VALIDATE_PRODUCT = YES;
			};
			name = Release;
		};
		6AD3B871242DADAD00E1E410 /* Debug */ = {
			isa = XCBuildConfiguration;
			buildSettings = {
				ASSETCATALOG_COMPILER_APPICON_NAME = AppIcon;
				CODE_SIGN_STYLE = Automatic;
				DEVELOPMENT_TEAM = L595LLJNVG;
				INFOPLIST_FILE = TestSideMenu/Info.plist;
				LD_RUNPATH_SEARCH_PATHS = (
					"$(inherited)",
					"@executable_path/Frameworks",
				);
				PRODUCT_BUNDLE_IDENTIFIER = com.frostnova.TestSideMenu;
				PRODUCT_NAME = "$(TARGET_NAME)";
				SWIFT_VERSION = 5.0;
				TARGETED_DEVICE_FAMILY = "1,2";
			};
			name = Debug;
		};
		6AD3B872242DADAD00E1E410 /* Release */ = {
			isa = XCBuildConfiguration;
			buildSettings = {
				ASSETCATALOG_COMPILER_APPICON_NAME = AppIcon;
				CODE_SIGN_STYLE = Automatic;
				DEVELOPMENT_TEAM = L595LLJNVG;
				INFOPLIST_FILE = TestSideMenu/Info.plist;
				LD_RUNPATH_SEARCH_PATHS = (
					"$(inherited)",
					"@executable_path/Frameworks",
				);
				PRODUCT_BUNDLE_IDENTIFIER = com.frostnova.TestSideMenu;
				PRODUCT_NAME = "$(TARGET_NAME)";
				SWIFT_VERSION = 5.0;
				TARGETED_DEVICE_FAMILY = "1,2";
			};
			name = Release;
		};
/* End XCBuildConfiguration section */

/* Begin XCConfigurationList section */
		6AD3B859242DADAD00E1E410 /* Build configuration list for PBXProject "TestSideMenu" */ = {
			isa = XCConfigurationList;
			buildConfigurations = (
				6AD3B86E242DADAD00E1E410 /* Debug */,
				6AD3B86F242DADAD00E1E410 /* Release */,
			);
			defaultConfigurationIsVisible = 0;
			defaultConfigurationName = Release;
		};
		6AD3B870242DADAD00E1E410 /* Build configuration list for PBXNativeTarget "TestSideMenu" */ = {
			isa = XCConfigurationList;
			buildConfigurations = (
				6AD3B871242DADAD00E1E410 /* Debug */,
				6AD3B872242DADAD00E1E410 /* Release */,
			);
			defaultConfigurationIsVisible = 0;
			defaultConfigurationName = Release;
		};
/* End XCConfigurationList section */
	};
	rootObject = 6AD3B856242DADAD00E1E410 /* Project object */;
}
